
Microsoft Visual Studio Solution File, Format Version 12.00
# Visual Studio Version 16
VisualStudioVersion = 16.0.29519.181
MinimumVisualStudioVersion = 10.0.40219.1
Project("{9A19103F-16F7-4668-BE54-9A1E7A4F7556}") = "ScoreFourServer.WebApi", "ScoreFourServer.WebApi\ScoreFourServer.WebApi.csproj", "{12775218-658A-4E16-BD34-D13DF59EB15A}"
EndProject
Project("{9A19103F-16F7-4668-BE54-9A1E7A4F7556}") = "ScoreFourServer.Domain", "ScoreFourServer.Domain\ScoreFourServer.Domain.csproj", "{43220B70-642E-4397-A0A4-3A6A2C4A18E3}"
EndProject
Project("{9A19103F-16F7-4668-BE54-9A1E7A4F7556}") = "ScoreFourServer.Adapters.OnMemory", "ScoreFourServer.Adapters.OnMemory\ScoreFourServer.Adapters.OnMemory.csproj", "{65A94E39-6D75-49CE-88B1-5E317B07F93E}"
EndProject
Project("{9A19103F-16F7-4668-BE54-9A1E7A4F7556}") = "ScoreFourServer.WebApi.Test", "ScoreFourServer.WebApi.Test\ScoreFourServer.WebApi.Test.csproj", "{6DD017B8-292C-4549-8F08-D5D36D4340E2}"
EndProject
Global
	GlobalSection(SolutionConfigurationPlatforms) = preSolution
		Debug|Any CPU = Debug|Any CPU
		Release|Any CPU = Release|Any CPU
	EndGlobalSection
	GlobalSection(ProjectConfigurationPlatforms) = postSolution
		{12775218-658A-4E16-BD34-D13DF59EB15A}.Debug|Any CPU.ActiveCfg = Debug|Any CPU
		{12775218-658A-4E16-BD34-D13DF59EB15A}.Debug|Any CPU.Build.0 = Debug|Any CPU
		{12775218-658A-4E16-BD34-D13DF59EB15A}.Release|Any CPU.ActiveCfg = Release|Any CPU
		{12775218-658A-4E16-BD34-D13DF59EB15A}.Release|Any CPU.Build.0 = Release|Any CPU
		{43220B70-642E-4397-A0A4-3A6A2C4A18E3}.Debug|Any CPU.ActiveCfg = Debug|Any CPU
		{43220B70-642E-4397-A0A4-3A6A2C4A18E3}.Debug|Any CPU.Build.0 = Debug|Any CPU
		{43220B70-642E-4397-A0A4-3A6A2C4A18E3}.Release|Any CPU.ActiveCfg = Release|Any CPU
		{43220B70-642E-4397-A0A4-3A6A2C4A18E3}.Release|Any CPU.Build.0 = Release|Any CPU
		{65A94E39-6D75-49CE-88B1-5E317B07F93E}.Debug|Any CPU.ActiveCfg = Debug|Any CPU
		{65A94E39-6D75-49CE-88B1-5E317B07F93E}.Debug|Any CPU.Build.0 = Debug|Any CPU
		{65A94E39-6D75-49CE-88B1-5E317B07F93E}.Release|Any CPU.ActiveCfg = Release|Any CPU
		{65A94E39-6D75-49CE-88B1-5E317B07F93E}.Release|Any CPU.Build.0 = Release|Any CPU
		{6DD017B8-292C-4549-8F08-D5D36D4340E2}.Debug|Any CPU.ActiveCfg = Debug|Any CPU
		{6DD017B8-292C-4549-8F08-D5D36D4340E2}.Debug|Any CPU.Build.0 = Debug|Any CPU
		{6DD017B8-292C-4549-8F08-D5D36D4340E2}.Release|Any CPU.ActiveCfg = Release|Any CPU
		{6DD017B8-292C-4549-8F08-D5D36D4340E2}.Release|Any CPU.Build.0 = Release|Any CPU
	EndGlobalSection
	GlobalSection(SolutionProperties) = preSolution
		HideSolutionNode = FALSE
	EndGlobalSection
	GlobalSection(ExtensibilityGlobals) = postSolution
		SolutionGuid = {A28F97C8-547A-4E8A-A4FD-037DFB6E0772}
	EndGlobalSection
EndGlobal
